
Microsoft Visual Studio Solution File, Format Version 12.00
# Visual Studio Version 17
VisualStudioVersion = 17.1.32407.343
MinimumVisualStudioVersion = 10.0.40219.1
Project("{FAE04EC0-301F-11D3-BF4B-00C04F79EFBC}") = "BookLibrary", "bookLibrary\BookLibrary.csproj", "{03C1E687-D8F5-458D-B744-A0404DDF3275}"
EndProject
Global
	GlobalSection(SolutionConfigurationPlatforms) = preSolution
		Debug|Any CPU = Debug|Any CPU
		Release|Any CPU = Release|Any CPU
	EndGlobalSection
	GlobalSection(ProjectConfigurationPlatforms) = postSolution
		{03C1E687-D8F5-458D-B744-A0404DDF3275}.Debug|Any CPU.ActiveCfg = Debug|Any CPU
		{03C1E687-D8F5-458D-B744-A0404DDF3275}.Debug|Any CPU.Build.0 = Debug|Any CPU
		{03C1E687-D8F5-458D-B744-A0404DDF3275}.Release|Any CPU.ActiveCfg = Release|Any CPU
		{03C1E687-D8F5-458D-B744-A0404DDF3275}.Release|Any CPU.Build.0 = Release|Any CPU
	EndGlobalSection
	GlobalSection(SolutionProperties) = preSolution
		HideSolutionNode = FALSE
	EndGlobalSection
	GlobalSection(ExtensibilityGlobals) = postSolution
		SolutionGuid = {FFCED09B-01A4-4B89-9CB3-85619A72B9D6}
	EndGlobalSection
EndGlobal
